# This file is automatically @generated by Cargo.
# It is not intended for manual editing.
version = 4

[[package]]
name = "lzma-sdk-rs"
version = "0.2301.1"
source = "registry+https://github.com/rust-lang/crates.io-index"
checksum = "2bcd2b73b761b866258ca43401fa0d3119f54fbff51132539e8d1d2b05a73a53"

[[package]]
name = "microhs-runtime"
version = "0.0.0"
dependencies = [
 "lzma-sdk-rs",
]
